// !$*UTF8*$!
{
	archiveVersion = 1;
	classes = {
	};
	objectVersion = 46;
	objects = {

/* Begin PBXBuildFile section */
		C65496F71723771900B8756B /* Cocoa.framework in Frameworks */ = {isa = PBXBuildFile; fileRef = C65496F61723771900B8756B /* Cocoa.framework */; };
		C65497011723771900B8756B /* InfoPlist.strings in Resources */ = {isa = PBXBuildFile; fileRef = C65496FF1723771900B8756B /* InfoPlist.strings */; };
		C65497031723771900B8756B /* main.m in Sources */ = {isa = PBXBuildFile; fileRef = C65497021723771900B8756B /* main.m */; };
		C65497071723771900B8756B /* Credits.rtf in Resources */ = {isa = PBXBuildFile; fileRef = C65497051723771900B8756B /* Credits.rtf */; };
		C654970A1723771900B8756B /* VWWAppDelegate.m in Sources */ = {isa = PBXBuildFile; fileRef = C65497091723771900B8756B /* VWWAppDelegate.m */; };
		C654970D1723771900B8756B /* MainMenu.xib in Resources */ = {isa = PBXBuildFile; fileRef = C654970B1723771900B8756B /* MainMenu.xib */; };
		C65497151723771900B8756B /* SenTestingKit.framework in Frameworks */ = {isa = PBXBuildFile; fileRef = C65497141723771900B8756B /* SenTestingKit.framework */; };
		C65497161723771900B8756B /* Cocoa.framework in Frameworks */ = {isa = PBXBuildFile; fileRef = C65496F61723771900B8756B /* Cocoa.framework */; };
		C654971E1723771900B8756B /* InfoPlist.strings in Resources */ = {isa = PBXBuildFile; fileRef = C654971C1723771900B8756B /* InfoPlist.strings */; };
		C65497211723771900B8756B /* HatredditTests.m in Sources */ = {isa = PBXBuildFile; fileRef = C65497201723771900B8756B /* HatredditTests.m */; };
		C654974C172377C800B8756B /* CFNetwork.framework in Frameworks */ = {isa = PBXBuildFile; fileRef = C6549749172377C800B8756B /* CFNetwork.framework */; };
		C654974D172377C800B8756B /* Security.framework in Frameworks */ = {isa = PBXBuildFile; fileRef = C654974A172377C800B8756B /* Security.framework */; };
		C654974E172377C800B8756B /* SystemConfiguration.framework in Frameworks */ = {isa = PBXBuildFile; fileRef = C654974B172377C800B8756B /* SystemConfiguration.framework */; };
		C6549790172386A100B8756B /* VWWUserAboutViewController.m in Sources */ = {isa = PBXBuildFile; fileRef = C654978E172386A000B8756B /* VWWUserAboutViewController.m */; };
		C6549791172386A100B8756B /* VWWUserAboutViewController.xib in Resources */ = {isa = PBXBuildFile; fileRef = C654978F172386A000B8756B /* VWWUserAboutViewController.xib */; };
		C65497A4172394B700B8756B /* icon.icns in Resources */ = {isa = PBXBuildFile; fileRef = C65497A3172394B700B8756B /* icon.icns */; };
		C65498311723B0A900B8756B /* NSAlert+MKNetworkKitAdditions.m in Sources */ = {isa = PBXBuildFile; fileRef = C654980D1723B0A900B8756B /* NSAlert+MKNetworkKitAdditions.m */; };
		C65498321723B0A900B8756B /* NSData+MKBase64.m in Sources */ = {isa = PBXBuildFile; fileRef = C654980F1723B0A900B8756B /* NSData+MKBase64.m */; };
		C65498331723B0A900B8756B /* NSDate+RFC1123.m in Sources */ = {isa = PBXBuildFile; fileRef = C65498111723B0A900B8756B /* NSDate+RFC1123.m */; };
		C65498341723B0A900B8756B /* NSDictionary+RequestEncoding.m in Sources */ = {isa = PBXBuildFile; fileRef = C65498131723B0A900B8756B /* NSDictionary+RequestEncoding.m */; };
		C65498351723B0A900B8756B /* NSString+MKNetworkKitAdditions.m in Sources */ = {isa = PBXBuildFile; fileRef = C65498151723B0A900B8756B /* NSString+MKNetworkKitAdditions.m */; };
		C65498361723B0A900B8756B /* UIAlertView+MKNetworkKitAdditions.m in Sources */ = {isa = PBXBuildFile; fileRef = C65498171723B0A900B8756B /* UIAlertView+MKNetworkKitAdditions.m */; };
		C65498371723B0A900B8756B /* MKNetworkEngine.m in Sources */ = {isa = PBXBuildFile; fileRef = C65498191723B0A900B8756B /* MKNetworkEngine.m */; };
		C65498381723B0A900B8756B /* MKNetworkOperation.m in Sources */ = {isa = PBXBuildFile; fileRef = C654981C1723B0A900B8756B /* MKNetworkOperation.m */; };
		C65498391723B0A900B8756B /* Reachability.m in Sources */ = {isa = PBXBuildFile; fileRef = C654981F1723B0A900B8756B /* Reachability.m */; };
		C654983A1723B0A900B8756B /* VWWHTTPRedditForm.m in Sources */ = {isa = PBXBuildFile; fileRef = C65498231723B0A900B8756B /* VWWHTTPRedditForm.m */; };
		C654983B1723B0A900B8756B /* VWWHTTPRedditLoginForm.m in Sources */ = {isa = PBXBuildFile; fileRef = C65498251723B0A900B8756B /* VWWHTTPRedditLoginForm.m */; };
		C654983C1723B0A900B8756B /* VWWRedditAbout.m in Sources */ = {isa = PBXBuildFile; fileRef = C65498281723B0A900B8756B /* VWWRedditAbout.m */; };
		C654983D1723B0A900B8756B /* VWWRedditUserData.m in Sources */ = {isa = PBXBuildFile; fileRef = C654982A1723B0A900B8756B /* VWWRedditUserData.m */; };
		C654983E1723B0A900B8756B /* VWWRESTConfig.m in Sources */ = {isa = PBXBuildFile; fileRef = C654982C1723B0A900B8756B /* VWWRESTConfig.m */; };
		C654983F1723B0A900B8756B /* VWWRESTEngine.m in Sources */ = {isa = PBXBuildFile; fileRef = C654982E1723B0A900B8756B /* VWWRESTEngine.m */; };
		C65498401723B0A900B8756B /* VWWRESTParser.m in Sources */ = {isa = PBXBuildFile; fileRef = C65498301723B0A900B8756B /* VWWRESTParser.m */; };
		C65498431723B42400B8756B /* VWWRedditLogin.m in Sources */ = {isa = PBXBuildFile; fileRef = C65498421723B42300B8756B /* VWWRedditLogin.m */; };
		C65498461723B45300B8756B /* VWWRedditData.m in Sources */ = {isa = PBXBuildFile; fileRef = C65498451723B45300B8756B /* VWWRedditData.m */; };
		C65498491723B46A00B8756B /* VWWRedditErrors.m in Sources */ = {isa = PBXBuildFile; fileRef = C65498481723B46900B8756B /* VWWRedditErrors.m */; };
/* End PBXBuildFile section */

/* Begin PBXContainerItemProxy section */
		C65497171723771900B8756B /* PBXContainerItemProxy */ = {
			isa = PBXContainerItemProxy;
			containerPortal = C65496EB1723771900B8756B /* Project object */;
			proxyType = 1;
			remoteGlobalIDString = C65496F21723771900B8756B;
			remoteInfo = Hatreddit;
		};
/* End PBXContainerItemProxy section */

/* Begin PBXFileReference section */
		C65496F31723771900B8756B /* Hatreddit.app */ = {isa = PBXFileReference; explicitFileType = wrapper.application; includeInIndex = 0; path = Hatreddit.app; sourceTree = BUILT_PRODUCTS_DIR; };
		C65496F61723771900B8756B /* Cocoa.framework */ = {isa = PBXFileReference; lastKnownFileType = wrapper.framework; name = Cocoa.framework; path = System/Library/Frameworks/Cocoa.framework; sourceTree = SDKROOT; };
		C65496F91723771900B8756B /* AppKit.framework */ = {isa = PBXFileReference; lastKnownFileType = wrapper.framework; name = AppKit.framework; path = System/Library/Frameworks/AppKit.framework; sourceTree = SDKROOT; };
		C65496FA1723771900B8756B /* CoreData.framework */ = {isa = PBXFileReference; lastKnownFileType = wrapper.framework; name = CoreData.framework; path = System/Library/Frameworks/CoreData.framework; sourceTree = SDKROOT; };
		C65496FB1723771900B8756B /* Foundation.framework */ = {isa = PBXFileReference; lastKnownFileType = wrapper.framework; name = Foundation.framework; path = System/Library/Frameworks/Foundation.framework; sourceTree = SDKROOT; };
		C65496FE1723771900B8756B /* Hatreddit-Info.plist */ = {isa = PBXFileReference; lastKnownFileType = text.plist.xml; path = "Hatreddit-Info.plist"; sourceTree = "<group>"; };
		C65497001723771900B8756B /* en */ = {isa = PBXFileReference; lastKnownFileType = text.plist.strings; name = en; path = en.lproj/InfoPlist.strings; sourceTree = "<group>"; };
		C65497021723771900B8756B /* main.m */ = {isa = PBXFileReference; lastKnownFileType = sourcecode.c.objc; path = main.m; sourceTree = "<group>"; };
		C65497041723771900B8756B /* Hatreddit-Prefix.pch */ = {isa = PBXFileReference; lastKnownFileType = sourcecode.c.h; path = "Hatreddit-Prefix.pch"; sourceTree = "<group>"; };
		C65497061723771900B8756B /* en */ = {isa = PBXFileReference; lastKnownFileType = text.rtf; name = en; path = en.lproj/Credits.rtf; sourceTree = "<group>"; };
		C65497081723771900B8756B /* VWWAppDelegate.h */ = {isa = PBXFileReference; lastKnownFileType = sourcecode.c.h; path = VWWAppDelegate.h; sourceTree = "<group>"; };
		C65497091723771900B8756B /* VWWAppDelegate.m */ = {isa = PBXFileReference; lastKnownFileType = sourcecode.c.objc; path = VWWAppDelegate.m; sourceTree = "<group>"; };
		C654970C1723771900B8756B /* en */ = {isa = PBXFileReference; lastKnownFileType = file.xib; name = en; path = en.lproj/MainMenu.xib; sourceTree = "<group>"; };
		C65497131723771900B8756B /* HatredditTests.octest */ = {isa = PBXFileReference; explicitFileType = wrapper.cfbundle; includeInIndex = 0; path = HatredditTests.octest; sourceTree = BUILT_PRODUCTS_DIR; };
		C65497141723771900B8756B /* SenTestingKit.framework */ = {isa = PBXFileReference; lastKnownFileType = wrapper.framework; name = SenTestingKit.framework; path = Library/Frameworks/SenTestingKit.framework; sourceTree = DEVELOPER_DIR; };
		C654971B1723771900B8756B /* HatredditTests-Info.plist */ = {isa = PBXFileReference; lastKnownFileType = text.plist.xml; path = "HatredditTests-Info.plist"; sourceTree = "<group>"; };
		C654971D1723771900B8756B /* en */ = {isa = PBXFileReference; lastKnownFileType = text.plist.strings; name = en; path = en.lproj/InfoPlist.strings; sourceTree = "<group>"; };
		C654971F1723771900B8756B /* HatredditTests.h */ = {isa = PBXFileReference; lastKnownFileType = sourcecode.c.h; path = HatredditTests.h; sourceTree = "<group>"; };
		C65497201723771900B8756B /* HatredditTests.m */ = {isa = PBXFileReference; lastKnownFileType = sourcecode.c.objc; path = HatredditTests.m; sourceTree = "<group>"; };
		C6549749172377C800B8756B /* CFNetwork.framework */ = {isa = PBXFileReference; lastKnownFileType = wrapper.framework; name = CFNetwork.framework; path = System/Library/Frameworks/CFNetwork.framework; sourceTree = SDKROOT; };
		C654974A172377C800B8756B /* Security.framework */ = {isa = PBXFileReference; lastKnownFileType = wrapper.framework; name = Security.framework; path = System/Library/Frameworks/Security.framework; sourceTree = SDKROOT; };
		C654974B172377C800B8756B /* SystemConfiguration.framework */ = {isa = PBXFileReference; lastKnownFileType = wrapper.framework; name = SystemConfiguration.framework; path = System/Library/Frameworks/SystemConfiguration.framework; sourceTree = SDKROOT; };
		C654978D172386A000B8756B /* VWWUserAboutViewController.h */ = {isa = PBXFileReference; fileEncoding = 4; lastKnownFileType = sourcecode.c.h; name = VWWUserAboutViewController.h; path = Controller/VWWUserAboutViewController.h; sourceTree = "<group>"; };
		C654978E172386A000B8756B /* VWWUserAboutViewController.m */ = {isa = PBXFileReference; fileEncoding = 4; lastKnownFileType = sourcecode.c.objc; name = VWWUserAboutViewController.m; path = Controller/VWWUserAboutViewController.m; sourceTree = "<group>"; };
		C654978F172386A000B8756B /* VWWUserAboutViewController.xib */ = {isa = PBXFileReference; fileEncoding = 4; lastKnownFileType = file.xib; name = VWWUserAboutViewController.xib; path = Controller/VWWUserAboutViewController.xib; sourceTree = "<group>"; };
		C65497A3172394B700B8756B /* icon.icns */ = {isa = PBXFileReference; lastKnownFileType = image.icns; path = icon.icns; sourceTree = "<group>"; };
		C654980C1723B0A900B8756B /* NSAlert+MKNetworkKitAdditions.h */ = {isa = PBXFileReference; fileEncoding = 4; lastKnownFileType = sourcecode.c.h; path = "NSAlert+MKNetworkKitAdditions.h"; sourceTree = "<group>"; };
		C654980D1723B0A900B8756B /* NSAlert+MKNetworkKitAdditions.m */ = {isa = PBXFileReference; fileEncoding = 4; lastKnownFileType = sourcecode.c.objc; path = "NSAlert+MKNetworkKitAdditions.m"; sourceTree = "<group>"; };
		C654980E1723B0A900B8756B /* NSData+MKBase64.h */ = {isa = PBXFileReference; fileEncoding = 4; lastKnownFileType = sourcecode.c.h; path = "NSData+MKBase64.h"; sourceTree = "<group>"; };
		C654980F1723B0A900B8756B /* NSData+MKBase64.m */ = {isa = PBXFileReference; fileEncoding = 4; lastKnownFileType = sourcecode.c.objc; path = "NSData+MKBase64.m"; sourceTree = "<group>"; };
		C65498101723B0A900B8756B /* NSDate+RFC1123.h */ = {isa = PBXFileReference; fileEncoding = 4; lastKnownFileType = sourcecode.c.h; path = "NSDate+RFC1123.h"; sourceTree = "<group>"; };
		C65498111723B0A900B8756B /* NSDate+RFC1123.m */ = {isa = PBXFileReference; fileEncoding = 4; lastKnownFileType = sourcecode.c.objc; path = "NSDate+RFC1123.m"; sourceTree = "<group>"; };
		C65498121723B0A900B8756B /* NSDictionary+RequestEncoding.h */ = {isa = PBXFileReference; fileEncoding = 4; lastKnownFileType = sourcecode.c.h; path = "NSDictionary+RequestEncoding.h"; sourceTree = "<group>"; };
		C65498131723B0A900B8756B /* NSDictionary+RequestEncoding.m */ = {isa = PBXFileReference; fileEncoding = 4; lastKnownFileType = sourcecode.c.objc; path = "NSDictionary+RequestEncoding.m"; sourceTree = "<group>"; };
		C65498141723B0A900B8756B /* NSString+MKNetworkKitAdditions.h */ = {isa = PBXFileReference; fileEncoding = 4; lastKnownFileType = sourcecode.c.h; path = "NSString+MKNetworkKitAdditions.h"; sourceTree = "<group>"; };
		C65498151723B0A900B8756B /* NSString+MKNetworkKitAdditions.m */ = {isa = PBXFileReference; fileEncoding = 4; lastKnownFileType = sourcecode.c.objc; path = "NSString+MKNetworkKitAdditions.m"; sourceTree = "<group>"; };
		C65498161723B0A900B8756B /* UIAlertView+MKNetworkKitAdditions.h */ = {isa = PBXFileReference; fileEncoding = 4; lastKnownFileType = sourcecode.c.h; path = "UIAlertView+MKNetworkKitAdditions.h"; sourceTree = "<group>"; };
		C65498171723B0A900B8756B /* UIAlertView+MKNetworkKitAdditions.m */ = {isa = PBXFileReference; fileEncoding = 4; lastKnownFileType = sourcecode.c.objc; path = "UIAlertView+MKNetworkKitAdditions.m"; sourceTree = "<group>"; };
		C65498181723B0A900B8756B /* MKNetworkEngine.h */ = {isa = PBXFileReference; fileEncoding = 4; lastKnownFileType = sourcecode.c.h; path = MKNetworkEngine.h; sourceTree = "<group>"; };
		C65498191723B0A900B8756B /* MKNetworkEngine.m */ = {isa = PBXFileReference; fileEncoding = 4; lastKnownFileType = sourcecode.c.objc; path = MKNetworkEngine.m; sourceTree = "<group>"; };
		C654981A1723B0A900B8756B /* MKNetworkKit.h */ = {isa = PBXFileReference; fileEncoding = 4; lastKnownFileType = sourcecode.c.h; path = MKNetworkKit.h; sourceTree = "<group>"; };
		C654981B1723B0A900B8756B /* MKNetworkOperation.h */ = {isa = PBXFileReference; fileEncoding = 4; lastKnownFileType = sourcecode.c.h; path = MKNetworkOperation.h; sourceTree = "<group>"; };
		C654981C1723B0A900B8756B /* MKNetworkOperation.m */ = {isa = PBXFileReference; fileEncoding = 4; lastKnownFileType = sourcecode.c.objc; path = MKNetworkOperation.m; sourceTree = "<group>"; };
		C654981E1723B0A900B8756B /* Reachability.h */ = {isa = PBXFileReference; fileEncoding = 4; lastKnownFileType = sourcecode.c.h; path = Reachability.h; sourceTree = "<group>"; };
		C654981F1723B0A900B8756B /* Reachability.m */ = {isa = PBXFileReference; fileEncoding = 4; lastKnownFileType = sourcecode.c.objc; path = Reachability.m; sourceTree = "<group>"; };
		C65498221723B0A900B8756B /* VWWHTTPRedditForm.h */ = {isa = PBXFileReference; fileEncoding = 4; lastKnownFileType = sourcecode.c.h; path = VWWHTTPRedditForm.h; sourceTree = "<group>"; };
		C65498231723B0A900B8756B /* VWWHTTPRedditForm.m */ = {isa = PBXFileReference; fileEncoding = 4; lastKnownFileType = sourcecode.c.objc; path = VWWHTTPRedditForm.m; sourceTree = "<group>"; };
		C65498241723B0A900B8756B /* VWWHTTPRedditLoginForm.h */ = {isa = PBXFileReference; fileEncoding = 4; lastKnownFileType = sourcecode.c.h; path = VWWHTTPRedditLoginForm.h; sourceTree = "<group>"; };
		C65498251723B0A900B8756B /* VWWHTTPRedditLoginForm.m */ = {isa = PBXFileReference; fileEncoding = 4; lastKnownFileType = sourcecode.c.objc; path = VWWHTTPRedditLoginForm.m; sourceTree = "<group>"; };
		C65498271723B0A900B8756B /* VWWRedditAbout.h */ = {isa = PBXFileReference; fileEncoding = 4; lastKnownFileType = sourcecode.c.h; path = VWWRedditAbout.h; sourceTree = "<group>"; };
		C65498281723B0A900B8756B /* VWWRedditAbout.m */ = {isa = PBXFileReference; fileEncoding = 4; lastKnownFileType = sourcecode.c.objc; path = VWWRedditAbout.m; sourceTree = "<group>"; };
		C65498291723B0A900B8756B /* VWWRedditUserData.h */ = {isa = PBXFileReference; fileEncoding = 4; lastKnownFileType = sourcecode.c.h; path = VWWRedditUserData.h; sourceTree = "<group>"; };
		C654982A1723B0A900B8756B /* VWWRedditUserData.m */ = {isa = PBXFileReference; fileEncoding = 4; lastKnownFileType = sourcecode.c.objc; path = VWWRedditUserData.m; sourceTree = "<group>"; };
		C654982B1723B0A900B8756B /* VWWRESTConfig.h */ = {isa = PBXFileReference; fileEncoding = 4; lastKnownFileType = sourcecode.c.h; path = VWWRESTConfig.h; sourceTree = "<group>"; };
		C654982C1723B0A900B8756B /* VWWRESTConfig.m */ = {isa = PBXFileReference; fileEncoding = 4; lastKnownFileType = sourcecode.c.objc; path = VWWRESTConfig.m; sourceTree = "<group>"; };
		C654982D1723B0A900B8756B /* VWWRESTEngine.h */ = {isa = PBXFileReference; fileEncoding = 4; lastKnownFileType = sourcecode.c.h; path = VWWRESTEngine.h; sourceTree = "<group>"; };
		C654982E1723B0A900B8756B /* VWWRESTEngine.m */ = {isa = PBXFileReference; fileEncoding = 4; lastKnownFileType = sourcecode.c.objc; path = VWWRESTEngine.m; sourceTree = "<group>"; };
		C654982F1723B0A900B8756B /* VWWRESTParser.h */ = {isa = PBXFileReference; fileEncoding = 4; lastKnownFileType = sourcecode.c.h; path = VWWRESTParser.h; sourceTree = "<group>"; };
		C65498301723B0A900B8756B /* VWWRESTParser.m */ = {isa = PBXFileReference; fileEncoding = 4; lastKnownFileType = sourcecode.c.objc; path = VWWRESTParser.m; sourceTree = "<group>"; };
		C65498411723B42300B8756B /* VWWRedditLogin.h */ = {isa = PBXFileReference; fileEncoding = 4; lastKnownFileType = sourcecode.c.h; path = VWWRedditLogin.h; sourceTree = "<group>"; };
		C65498421723B42300B8756B /* VWWRedditLogin.m */ = {isa = PBXFileReference; fileEncoding = 4; lastKnownFileType = sourcecode.c.objc; path = VWWRedditLogin.m; sourceTree = "<group>"; };
		C65498441723B45200B8756B /* VWWRedditData.h */ = {isa = PBXFileReference; fileEncoding = 4; lastKnownFileType = sourcecode.c.h; path = VWWRedditData.h; sourceTree = "<group>"; };
		C65498451723B45300B8756B /* VWWRedditData.m */ = {isa = PBXFileReference; fileEncoding = 4; lastKnownFileType = sourcecode.c.objc; path = VWWRedditData.m; sourceTree = "<group>"; };
		C65498471723B46900B8756B /* VWWRedditErrors.h */ = {isa = PBXFileReference; fileEncoding = 4; lastKnownFileType = sourcecode.c.h; path = VWWRedditErrors.h; sourceTree = "<group>"; };
		C65498481723B46900B8756B /* VWWRedditErrors.m */ = {isa = PBXFileReference; fileEncoding = 4; lastKnownFileType = sourcecode.c.objc; path = VWWRedditErrors.m; sourceTree = "<group>"; };
/* End PBXFileReference section */

/* Begin PBXFrameworksBuildPhase section */
		C65496F01723771900B8756B /* Frameworks */ = {
			isa = PBXFrameworksBuildPhase;
			buildActionMask = 2147483647;
			files = (
				C654974C172377C800B8756B /* CFNetwork.framework in Frameworks */,
				C654974D172377C800B8756B /* Security.framework in Frameworks */,
				C654974E172377C800B8756B /* SystemConfiguration.framework in Frameworks */,
				C65496F71723771900B8756B /* Cocoa.framework in Frameworks */,
			);
			runOnlyForDeploymentPostprocessing = 0;
		};
		C654970F1723771900B8756B /* Frameworks */ = {
			isa = PBXFrameworksBuildPhase;
			buildActionMask = 2147483647;
			files = (
				C65497151723771900B8756B /* SenTestingKit.framework in Frameworks */,
				C65497161723771900B8756B /* Cocoa.framework in Frameworks */,
			);
			runOnlyForDeploymentPostprocessing = 0;
		};
/* End PBXFrameworksBuildPhase section */

/* Begin PBXGroup section */
		C65496EA1723771900B8756B = {
			isa = PBXGroup;
			children = (
				C65496FC1723771900B8756B /* Hatreddit */,
				C65497191723771900B8756B /* HatredditTests */,
				C65496F51723771900B8756B /* Frameworks */,
				C65496F41723771900B8756B /* Products */,
			);
			sourceTree = "<group>";
		};
		C65496F41723771900B8756B /* Products */ = {
			isa = PBXGroup;
			children = (
				C65496F31723771900B8756B /* Hatreddit.app */,
				C65497131723771900B8756B /* HatredditTests.octest */,
			);
			name = Products;
			sourceTree = "<group>";
		};
		C65496F51723771900B8756B /* Frameworks */ = {
			isa = PBXGroup;
			children = (
				C6549749172377C800B8756B /* CFNetwork.framework */,
				C654974A172377C800B8756B /* Security.framework */,
				C654974B172377C800B8756B /* SystemConfiguration.framework */,
				C65496F61723771900B8756B /* Cocoa.framework */,
				C65497141723771900B8756B /* SenTestingKit.framework */,
				C65496F81723771900B8756B /* Other Frameworks */,
			);
			name = Frameworks;
			sourceTree = "<group>";
		};
		C65496F81723771900B8756B /* Other Frameworks */ = {
			isa = PBXGroup;
			children = (
				C65496F91723771900B8756B /* AppKit.framework */,
				C65496FA1723771900B8756B /* CoreData.framework */,
				C65496FB1723771900B8756B /* Foundation.framework */,
			);
			name = "Other Frameworks";
			sourceTree = "<group>";
		};
		C65496FC1723771900B8756B /* Hatreddit */ = {
			isa = PBXGroup;
			children = (
				C654979C172392A300B8756B /* Resources */,
				C65497991723872700B8756B /* Controller */,
				C654974F1723783800B8756B /* Communication */,
				C65496FD1723771900B8756B /* Supporting Files */,
			);
			path = Hatreddit;
			sourceTree = "<group>";
		};
		C65496FD1723771900B8756B /* Supporting Files */ = {
			isa = PBXGroup;
			children = (
				C65496FE1723771900B8756B /* Hatreddit-Info.plist */,
				C65496FF1723771900B8756B /* InfoPlist.strings */,
				C65497021723771900B8756B /* main.m */,
				C65497041723771900B8756B /* Hatreddit-Prefix.pch */,
				C65497051723771900B8756B /* Credits.rtf */,
			);
			name = "Supporting Files";
			sourceTree = "<group>";
		};
		C65497191723771900B8756B /* HatredditTests */ = {
			isa = PBXGroup;
			children = (
				C654971F1723771900B8756B /* HatredditTests.h */,
				C65497201723771900B8756B /* HatredditTests.m */,
				C654971A1723771900B8756B /* Supporting Files */,
			);
			path = HatredditTests;
			sourceTree = "<group>";
		};
		C654971A1723771900B8756B /* Supporting Files */ = {
			isa = PBXGroup;
			children = (
				C654971B1723771900B8756B /* HatredditTests-Info.plist */,
				C654971C1723771900B8756B /* InfoPlist.strings */,
			);
			name = "Supporting Files";
			sourceTree = "<group>";
		};
		C654974F1723783800B8756B /* Communication */ = {
			isa = PBXGroup;
			children = (
				C65498091723B0A900B8756B /* VWWRestEngine */,
			);
			path = Communication;
			sourceTree = "<group>";
		};
		C65497991723872700B8756B /* Controller */ = {
			isa = PBXGroup;
			children = (
				C654979B1723875B00B8756B /* Main */,
				C654979A1723875500B8756B /* About */,
				C654978D172386A000B8756B /* VWWUserAboutViewController.h */,
				C654978E172386A000B8756B /* VWWUserAboutViewController.m */,
				C654978F172386A000B8756B /* VWWUserAboutViewController.xib */,
			);
			name = Controller;
			sourceTree = "<group>";
		};
		C654979A1723875500B8756B /* About */ = {
			isa = PBXGroup;
			children = (
			);
			name = About;
			sourceTree = "<group>";
		};
		C654979B1723875B00B8756B /* Main */ = {
			isa = PBXGroup;
			children = (
				C65497081723771900B8756B /* VWWAppDelegate.h */,
				C65497091723771900B8756B /* VWWAppDelegate.m */,
				C654970B1723771900B8756B /* MainMenu.xib */,
			);
			name = Main;
			sourceTree = "<group>";
		};
		C654979C172392A300B8756B /* Resources */ = {
			isa = PBXGroup;
			children = (
				C65497A3172394B700B8756B /* icon.icns */,
			);
			path = Resources;
			sourceTree = "<group>";
		};
		C65498091723B0A900B8756B /* VWWRestEngine */ = {
			isa = PBXGroup;
			children = (
				C654980A1723B0A900B8756B /* MKNetworkKit */,
				C65498201723B0A900B8756B /* models */,
				C654982B1723B0A900B8756B /* VWWRESTConfig.h */,
				C654982C1723B0A900B8756B /* VWWRESTConfig.m */,
				C654982D1723B0A900B8756B /* VWWRESTEngine.h */,
				C654982E1723B0A900B8756B /* VWWRESTEngine.m */,
				C654982F1723B0A900B8756B /* VWWRESTParser.h */,
				C65498301723B0A900B8756B /* VWWRESTParser.m */,
			);
			path = VWWRestEngine;
			sourceTree = "<group>";
		};
		C654980A1723B0A900B8756B /* MKNetworkKit */ = {
			isa = PBXGroup;
			children = (
				C654980B1723B0A900B8756B /* Categories */,
				C65498181723B0A900B8756B /* MKNetworkEngine.h */,
				C65498191723B0A900B8756B /* MKNetworkEngine.m */,
				C654981A1723B0A900B8756B /* MKNetworkKit.h */,
				C654981B1723B0A900B8756B /* MKNetworkOperation.h */,
				C654981C1723B0A900B8756B /* MKNetworkOperation.m */,
				C654981D1723B0A900B8756B /* Reachability */,
			);
			path = MKNetworkKit;
			sourceTree = "<group>";
		};
		C654980B1723B0A900B8756B /* Categories */ = {
			isa = PBXGroup;
			children = (
				C654980C1723B0A900B8756B /* NSAlert+MKNetworkKitAdditions.h */,
				C654980D1723B0A900B8756B /* NSAlert+MKNetworkKitAdditions.m */,
				C654980E1723B0A900B8756B /* NSData+MKBase64.h */,
				C654980F1723B0A900B8756B /* NSData+MKBase64.m */,
				C65498101723B0A900B8756B /* NSDate+RFC1123.h */,
				C65498111723B0A900B8756B /* NSDate+RFC1123.m */,
				C65498121723B0A900B8756B /* NSDictionary+RequestEncoding.h */,
				C65498131723B0A900B8756B /* NSDictionary+RequestEncoding.m */,
				C65498141723B0A900B8756B /* NSString+MKNetworkKitAdditions.h */,
				C65498151723B0A900B8756B /* NSString+MKNetworkKitAdditions.m */,
				C65498161723B0A900B8756B /* UIAlertView+MKNetworkKitAdditions.h */,
				C65498171723B0A900B8756B /* UIAlertView+MKNetworkKitAdditions.m */,
			);
			path = Categories;
			sourceTree = "<group>";
		};
		C654981D1723B0A900B8756B /* Reachability */ = {
			isa = PBXGroup;
			children = (
				C654981E1723B0A900B8756B /* Reachability.h */,
				C654981F1723B0A900B8756B /* Reachability.m */,
			);
			path = Reachability;
			sourceTree = "<group>";
		};
		C65498201723B0A900B8756B /* models */ = {
			isa = PBXGroup;
			children = (
				C65498211723B0A900B8756B /* forms */,
				C65498261723B0A900B8756B /* json */,
			);
			path = models;
			sourceTree = "<group>";
		};
		C65498211723B0A900B8756B /* forms */ = {
			isa = PBXGroup;
			children = (
				C65498221723B0A900B8756B /* VWWHTTPRedditForm.h */,
				C65498231723B0A900B8756B /* VWWHTTPRedditForm.m */,
				C65498241723B0A900B8756B /* VWWHTTPRedditLoginForm.h */,
				C65498251723B0A900B8756B /* VWWHTTPRedditLoginForm.m */,
			);
			path = forms;
			sourceTree = "<group>";
		};
		C65498261723B0A900B8756B /* json */ = {
			isa = PBXGroup;
			children = (
				C65498271723B0A900B8756B /* VWWRedditAbout.h */,
				C65498281723B0A900B8756B /* VWWRedditAbout.m */,
				C65498291723B0A900B8756B /* VWWRedditUserData.h */,
				C654982A1723B0A900B8756B /* VWWRedditUserData.m */,
				C65498411723B42300B8756B /* VWWRedditLogin.h */,
				C65498421723B42300B8756B /* VWWRedditLogin.m */,
				C65498441723B45200B8756B /* VWWRedditData.h */,
				C65498451723B45300B8756B /* VWWRedditData.m */,
				C65498471723B46900B8756B /* VWWRedditErrors.h */,
				C65498481723B46900B8756B /* VWWRedditErrors.m */,
			);
			path = json;
			sourceTree = "<group>";
		};
/* End PBXGroup section */

/* Begin PBXNativeTarget section */
		C65496F21723771900B8756B /* Hatreddit */ = {
			isa = PBXNativeTarget;
			buildConfigurationList = C65497241723771900B8756B /* Build configuration list for PBXNativeTarget "Hatreddit" */;
			buildPhases = (
				C65496EF1723771900B8756B /* Sources */,
				C65496F01723771900B8756B /* Frameworks */,
				C65496F11723771900B8756B /* Resources */,
			);
			buildRules = (
			);
			dependencies = (
			);
			name = Hatreddit;
			productName = Hatreddit;
			productReference = C65496F31723771900B8756B /* Hatreddit.app */;
			productType = "com.apple.product-type.application";
		};
		C65497121723771900B8756B /* HatredditTests */ = {
			isa = PBXNativeTarget;
			buildConfigurationList = C65497271723771900B8756B /* Build configuration list for PBXNativeTarget "HatredditTests" */;
			buildPhases = (
				C654970E1723771900B8756B /* Sources */,
				C654970F1723771900B8756B /* Frameworks */,
				C65497101723771900B8756B /* Resources */,
				C65497111723771900B8756B /* ShellScript */,
			);
			buildRules = (
			);
			dependencies = (
				C65497181723771900B8756B /* PBXTargetDependency */,
			);
			name = HatredditTests;
			productName = HatredditTests;
			productReference = C65497131723771900B8756B /* HatredditTests.octest */;
			productType = "com.apple.product-type.bundle";
		};
/* End PBXNativeTarget section */

/* Begin PBXProject section */
		C65496EB1723771900B8756B /* Project object */ = {
			isa = PBXProject;
			attributes = {
				CLASSPREFIX = VWW;
				LastUpgradeCheck = 0460;
				ORGANIZATIONNAME = "Zakk Hoyt";
			};
			buildConfigurationList = C65496EE1723771900B8756B /* Build configuration list for PBXProject "Hatreddit" */;
			compatibilityVersion = "Xcode 3.2";
			developmentRegion = English;
			hasScannedForEncodings = 0;
			knownRegions = (
				en,
			);
			mainGroup = C65496EA1723771900B8756B;
			productRefGroup = C65496F41723771900B8756B /* Products */;
			projectDirPath = "";
			projectRoot = "";
			targets = (
				C65496F21723771900B8756B /* Hatreddit */,
				C65497121723771900B8756B /* HatredditTests */,
			);
		};
/* End PBXProject section */

/* Begin PBXResourcesBuildPhase section */
		C65496F11723771900B8756B /* Resources */ = {
			isa = PBXResourcesBuildPhase;
			buildActionMask = 2147483647;
			files = (
				C65497011723771900B8756B /* InfoPlist.strings in Resources */,
				C65497071723771900B8756B /* Credits.rtf in Resources */,
				C654970D1723771900B8756B /* MainMenu.xib in Resources */,
				C6549791172386A100B8756B /* VWWUserAboutViewController.xib in Resources */,
				C65497A4172394B700B8756B /* icon.icns in Resources */,
			);
			runOnlyForDeploymentPostprocessing = 0;
		};
		C65497101723771900B8756B /* Resources */ = {
			isa = PBXResourcesBuildPhase;
			buildActionMask = 2147483647;
			files = (
				C654971E1723771900B8756B /* InfoPlist.strings in Resources */,
			);
			runOnlyForDeploymentPostprocessing = 0;
		};
/* End PBXResourcesBuildPhase section */

/* Begin PBXShellScriptBuildPhase section */
		C65497111723771900B8756B /* ShellScript */ = {
			isa = PBXShellScriptBuildPhase;
			buildActionMask = 2147483647;
			files = (
			);
			inputPaths = (
			);
			outputPaths = (
			);
			runOnlyForDeploymentPostprocessing = 0;
			shellPath = /bin/sh;
			shellScript = "# Run the unit tests in this test bundle.\n\"${SYSTEM_DEVELOPER_DIR}/Tools/RunUnitTests\"\n";
		};
/* End PBXShellScriptBuildPhase section */

/* Begin PBXSourcesBuildPhase section */
		C65496EF1723771900B8756B /* Sources */ = {
			isa = PBXSourcesBuildPhase;
			buildActionMask = 2147483647;
			files = (
				C65497031723771900B8756B /* main.m in Sources */,
				C654970A1723771900B8756B /* VWWAppDelegate.m in Sources */,
				C6549790172386A100B8756B /* VWWUserAboutViewController.m in Sources */,
				C65498311723B0A900B8756B /* NSAlert+MKNetworkKitAdditions.m in Sources */,
				C65498321723B0A900B8756B /* NSData+MKBase64.m in Sources */,
				C65498331723B0A900B8756B /* NSDate+RFC1123.m in Sources */,
				C65498341723B0A900B8756B /* NSDictionary+RequestEncoding.m in Sources */,
				C65498351723B0A900B8756B /* NSString+MKNetworkKitAdditions.m in Sources */,
				C65498361723B0A900B8756B /* UIAlertView+MKNetworkKitAdditions.m in Sources */,
				C65498371723B0A900B8756B /* MKNetworkEngine.m in Sources */,
				C65498381723B0A900B8756B /* MKNetworkOperation.m in Sources */,
				C65498391723B0A900B8756B /* Reachability.m in Sources */,
				C654983A1723B0A900B8756B /* VWWHTTPRedditForm.m in Sources */,
				C654983B1723B0A900B8756B /* VWWHTTPRedditLoginForm.m in Sources */,
				C654983C1723B0A900B8756B /* VWWRedditAbout.m in Sources */,
				C654983D1723B0A900B8756B /* VWWRedditUserData.m in Sources */,
				C654983E1723B0A900B8756B /* VWWRESTConfig.m in Sources */,
				C654983F1723B0A900B8756B /* VWWRESTEngine.m in Sources */,
				C65498401723B0A900B8756B /* VWWRESTParser.m in Sources */,
				C65498431723B42400B8756B /* VWWRedditLogin.m in Sources */,
				C65498461723B45300B8756B /* VWWRedditData.m in Sources */,
				C65498491723B46A00B8756B /* VWWRedditErrors.m in Sources */,
			);
			runOnlyForDeploymentPostprocessing = 0;
		};
		C654970E1723771900B8756B /* Sources */ = {
			isa = PBXSourcesBuildPhase;
			buildActionMask = 2147483647;
			files = (
				C65497211723771900B8756B /* HatredditTests.m in Sources */,
			);
			runOnlyForDeploymentPostprocessing = 0;
		};
/* End PBXSourcesBuildPhase section */

/* Begin PBXTargetDependency section */
		C65497181723771900B8756B /* PBXTargetDependency */ = {
			isa = PBXTargetDependency;
			target = C65496F21723771900B8756B /* Hatreddit */;
			targetProxy = C65497171723771900B8756B /* PBXContainerItemProxy */;
		};
/* End PBXTargetDependency section */

/* Begin PBXVariantGroup section */
		C65496FF1723771900B8756B /* InfoPlist.strings */ = {
			isa = PBXVariantGroup;
			children = (
				C65497001723771900B8756B /* en */,
			);
			name = InfoPlist.strings;
			sourceTree = "<group>";
		};
		C65497051723771900B8756B /* Credits.rtf */ = {
			isa = PBXVariantGroup;
			children = (
				C65497061723771900B8756B /* en */,
			);
			name = Credits.rtf;
			sourceTree = "<group>";
		};
		C654970B1723771900B8756B /* MainMenu.xib */ = {
			isa = PBXVariantGroup;
			children = (
				C654970C1723771900B8756B /* en */,
			);
			name = MainMenu.xib;
			sourceTree = "<group>";
		};
		C654971C1723771900B8756B /* InfoPlist.strings */ = {
			isa = PBXVariantGroup;
			children = (
				C654971D1723771900B8756B /* en */,
			);
			name = InfoPlist.strings;
			sourceTree = "<group>";
		};
/* End PBXVariantGroup section */

/* Begin XCBuildConfiguration section */
		C65497221723771900B8756B /* Debug */ = {
			isa = XCBuildConfiguration;
			buildSettings = {
				ALWAYS_SEARCH_USER_PATHS = NO;
				ARCHS = "$(ARCHS_STANDARD_64_BIT)";
				CLANG_CXX_LANGUAGE_STANDARD = "gnu++0x";
				CLANG_CXX_LIBRARY = "libc++";
				CLANG_ENABLE_OBJC_ARC = YES;
				CLANG_WARN_CONSTANT_CONVERSION = YES;
				CLANG_WARN_EMPTY_BODY = YES;
				CLANG_WARN_ENUM_CONVERSION = YES;
				CLANG_WARN_INT_CONVERSION = YES;
				CLANG_WARN__DUPLICATE_METHOD_MATCH = YES;
				COPY_PHASE_STRIP = NO;
				GCC_C_LANGUAGE_STANDARD = gnu99;
				GCC_DYNAMIC_NO_PIC = NO;
				GCC_ENABLE_OBJC_EXCEPTIONS = YES;
				GCC_OPTIMIZATION_LEVEL = 0;
				GCC_PREPROCESSOR_DEFINITIONS = (
					"DEBUG=1",
					"$(inherited)",
				);
				GCC_SYMBOLS_PRIVATE_EXTERN = NO;
				GCC_WARN_64_TO_32_BIT_CONVERSION = YES;
				GCC_WARN_ABOUT_RETURN_TYPE = YES;
				GCC_WARN_UNINITIALIZED_AUTOS = YES;
				GCC_WARN_UNUSED_VARIABLE = YES;
				MACOSX_DEPLOYMENT_TARGET = 10.8;
				ONLY_ACTIVE_ARCH = YES;
				SDKROOT = macosx;
			};
			name = Debug;
		};
		C65497231723771900B8756B /* Release */ = {
			isa = XCBuildConfiguration;
			buildSettings = {
				ALWAYS_SEARCH_USER_PATHS = NO;
				ARCHS = "$(ARCHS_STANDARD_64_BIT)";
				CLANG_CXX_LANGUAGE_STANDARD = "gnu++0x";
				CLANG_CXX_LIBRARY = "libc++";
				CLANG_ENABLE_OBJC_ARC = YES;
				CLANG_WARN_CONSTANT_CONVERSION = YES;
				CLANG_WARN_EMPTY_BODY = YES;
				CLANG_WARN_ENUM_CONVERSION = YES;
				CLANG_WARN_INT_CONVERSION = YES;
				CLANG_WARN__DUPLICATE_METHOD_MATCH = YES;
				COPY_PHASE_STRIP = YES;
				DEBUG_INFORMATION_FORMAT = "dwarf-with-dsym";
				GCC_C_LANGUAGE_STANDARD = gnu99;
				GCC_ENABLE_OBJC_EXCEPTIONS = YES;
				GCC_WARN_64_TO_32_BIT_CONVERSION = YES;
				GCC_WARN_ABOUT_RETURN_TYPE = YES;
				GCC_WARN_UNINITIALIZED_AUTOS = YES;
				GCC_WARN_UNUSED_VARIABLE = YES;
				MACOSX_DEPLOYMENT_TARGET = 10.8;
				SDKROOT = macosx;
			};
			name = Release;
		};
		C65497251723771900B8756B /* Debug */ = {
			isa = XCBuildConfiguration;
			buildSettings = {
				COMBINE_HIDPI_IMAGES = YES;
				GCC_PRECOMPILE_PREFIX_HEADER = YES;
				GCC_PREFIX_HEADER = "Hatreddit/Hatreddit-Prefix.pch";
				INFOPLIST_FILE = "Hatreddit/Hatreddit-Info.plist";
				PRODUCT_NAME = "$(TARGET_NAME)";
				WRAPPER_EXTENSION = app;
			};
			name = Debug;
		};
		C65497261723771900B8756B /* Release */ = {
			isa = XCBuildConfiguration;
			buildSettings = {
				COMBINE_HIDPI_IMAGES = YES;
				GCC_PRECOMPILE_PREFIX_HEADER = YES;
				GCC_PREFIX_HEADER = "Hatreddit/Hatreddit-Prefix.pch";
				INFOPLIST_FILE = "Hatreddit/Hatreddit-Info.plist";
				PRODUCT_NAME = "$(TARGET_NAME)";
				WRAPPER_EXTENSION = app;
			};
			name = Release;
		};
		C65497281723771900B8756B /* Debug */ = {
			isa = XCBuildConfiguration;
			buildSettings = {
				BUNDLE_LOADER = "$(BUILT_PRODUCTS_DIR)/Hatreddit.app/Contents/MacOS/Hatreddit";
				COMBINE_HIDPI_IMAGES = YES;
				FRAMEWORK_SEARCH_PATHS = "\"$(DEVELOPER_LIBRARY_DIR)/Frameworks\"";
				GCC_PRECOMPILE_PREFIX_HEADER = YES;
				GCC_PREFIX_HEADER = "Hatreddit/Hatreddit-Prefix.pch";
				INFOPLIST_FILE = "HatredditTests/HatredditTests-Info.plist";
				PRODUCT_NAME = "$(TARGET_NAME)";
				TEST_HOST = "$(BUNDLE_LOADER)";
				WRAPPER_EXTENSION = octest;
			};
			name = Debug;
		};
		C65497291723771900B8756B /* Release */ = {
			isa = XCBuildConfiguration;
			buildSettings = {
				BUNDLE_LOADER = "$(BUILT_PRODUCTS_DIR)/Hatreddit.app/Contents/MacOS/Hatreddit";
				COMBINE_HIDPI_IMAGES = YES;
				FRAMEWORK_SEARCH_PATHS = "\"$(DEVELOPER_LIBRARY_DIR)/Frameworks\"";
				GCC_PRECOMPILE_PREFIX_HEADER = YES;
				GCC_PREFIX_HEADER = "Hatreddit/Hatreddit-Prefix.pch";
				INFOPLIST_FILE = "HatredditTests/HatredditTests-Info.plist";
				PRODUCT_NAME = "$(TARGET_NAME)";
				TEST_HOST = "$(BUNDLE_LOADER)";
				WRAPPER_EXTENSION = octest;
			};
			name = Release;
		};
/* End XCBuildConfiguration section */

/* Begin XCConfigurationList section */
		C65496EE1723771900B8756B /* Build configuration list for PBXProject "Hatreddit" */ = {
			isa = XCConfigurationList;
			buildConfigurations = (
				C65497221723771900B8756B /* Debug */,
				C65497231723771900B8756B /* Release */,
			);
			defaultConfigurationIsVisible = 0;
			defaultConfigurationName = Release;
		};
		C65497241723771900B8756B /* Build configuration list for PBXNativeTarget "Hatreddit" */ = {
			isa = XCConfigurationList;
			buildConfigurations = (
				C65497251723771900B8756B /* Debug */,
				C65497261723771900B8756B /* Release */,
			);
			defaultConfigurationIsVisible = 0;
		};
		C65497271723771900B8756B /* Build configuration list for PBXNativeTarget "HatredditTests" */ = {
			isa = XCConfigurationList;
			buildConfigurations = (
				C65497281723771900B8756B /* Debug */,
				C65497291723771900B8756B /* Release */,
			);
			defaultConfigurationIsVisible = 0;
		};
/* End XCConfigurationList section */
	};
	rootObject = C65496EB1723771900B8756B /* Project object */;
}
